
Microsoft Visual Studio Solution File, Format Version 12.00
# Visual Studio 14
VisualStudioVersion = 14.0.25420.1
MinimumVisualStudioVersion = 10.0.40219.1
Project("{FAE04EC0-301F-11D3-BF4B-00C04F79EFBC}") = "Distance between Points", "Distance between Points\Distance between Points.csproj", "{C0464486-E7EA-4E76-AA9A-E2461B2E5D5B}"
EndProject
Project("{FAE04EC0-301F-11D3-BF4B-00C04F79EFBC}") = "Rectangle Position", "Rectangle Position\Rectangle Position.csproj", "{E2E613AC-97FB-47A0-ACD3-AC65714B7D99}"
EndProject
Global
	GlobalSection(SolutionConfigurationPlatforms) = preSolution
		Debug|Any CPU = Debug|Any CPU
		Release|Any CPU = Release|Any CPU
	EndGlobalSection
	GlobalSection(ProjectConfigurationPlatforms) = postSolution
		{C0464486-E7EA-4E76-AA9A-E2461B2E5D5B}.Debug|Any CPU.ActiveCfg = Debug|Any CPU
		{C0464486-E7EA-4E76-AA9A-E2461B2E5D5B}.Debug|Any CPU.Build.0 = Debug|Any CPU
		{C0464486-E7EA-4E76-AA9A-E2461B2E5D5B}.Release|Any CPU.ActiveCfg = Release|Any CPU
		{C0464486-E7EA-4E76-AA9A-E2461B2E5D5B}.Release|Any CPU.Build.0 = Release|Any CPU
		{E2E613AC-97FB-47A0-ACD3-AC65714B7D99}.Debug|Any CPU.ActiveCfg = Debug|Any CPU
		{E2E613AC-97FB-47A0-ACD3-AC65714B7D99}.Debug|Any CPU.Build.0 = Debug|Any CPU
		{E2E613AC-97FB-47A0-ACD3-AC65714B7D99}.Release|Any CPU.ActiveCfg = Release|Any CPU
		{E2E613AC-97FB-47A0-ACD3-AC65714B7D99}.Release|Any CPU.Build.0 = Release|Any CPU
	EndGlobalSection
	GlobalSection(SolutionProperties) = preSolution
		HideSolutionNode = FALSE
	EndGlobalSection
EndGlobal
